{
  "name": "freebuff-agent-harness-vscode",
  "version": "0.1.0",
  "lockfileVersion": 3,
  "requires": true,
  "packages": {
    "": {
      "name": "freebuff-agent-harness-vscode",
      "version": "0.1.0",
      "license": "MIT",
      "dependencies": {
        "@freebuff/agent-core": "file:../../packages/agent-core",
        "@freebuff/agent-storage": "file:../../packages/storage",
        "@freebuff/checkpoints": "file:../../packages/checkpoints",
        "@freebuff/provider-openai-compatible": "file:../../packages/providers/openai-compatible",
        "@freebuff/workspace-tools": "file:../../packages/workspace-tools",
        "sql.js": "^1.12.0"
      },
      "devDependencies": {
        "@types/vscode": "^1.92.0",
        "typescript": "^5.5.4"
      },
      "engines": {
        "vscode": "^1.92.0"
      }
    },
    "../../packages/agent-core": {
      "name": "@freebuff/agent-core",
      "version": "0.1.0",
      "devDependencies": {
        "typescript": "^5.5.4"
      }
    },
    "../../packages/checkpoints": {
      "name": "@freebuff/checkpoints",
      "version": "0.1.0",
      "devDependencies": {
        "@types/node": "^22.0.0",
        "typescript": "^5.5.4"
      }
    },
    "../../packages/providers/openai-compatible": {
      "name": "@freebuff/provider-openai-compatible",
      "version": "0.1.0",
      "dependencies": {
        "@freebuff/agent-core": "file:../../agent-core"
      },
      "devDependencies": {
        "typescript": "^5.5.4"
      }
    },
    "../../packages/storage": {
      "name": "@freebuff/agent-storage",
      "version": "0.1.0",
      "dependencies": {
        "@freebuff/agent-core": "file:../agent-core",
        "sql.js": "^1.12.0"
      },
      "devDependencies": {
        "@types/node": "^22.10.0",
        "typescript": "^5.5.4"
      }
    },
    "../../packages/workspace-tools": {
      "name": "@freebuff/workspace-tools",
      "version": "0.1.0",
      "devDependencies": {
        "@types/node": "^22.10.0",
        "typescript": "^5.5.4"
      }
    },
    "node_modules/@freebuff/agent-core": {
      "resolved": "../../packages/agent-core",
      "link": true
    },
    "node_modules/@freebuff/agent-storage": {
      "resolved": "../../packages/storage",
      "link": true
    },
    "node_modules/@freebuff/checkpoints": {
      "resolved": "../../packages/checkpoints",
      "link": true
    },
    "node_modules/@freebuff/provider-openai-compatible": {
      "resolved": "../../packages/providers/openai-compatible",
      "link": true
    },
    "node_modules/@freebuff/workspace-tools": {
      "resolved": "../../packages/workspace-tools",
      "link": true
    },
    "node_modules/@types/vscode": {
      "version": "1.134.0",
      "resolved": "https://registry.npmjs.org/@types/vscode/-/vscode-1.134.0.tgz",
      "integrity": "sha512-NDEu0hg4sF7+vvFsADsktqUJ6f80LHSZvVK2Ovo1XiQ0/VHck1O3zst+ZZyVA/uvz6vo6LcuoqU2q48YMqOwWw==",
      "dev": true,
      "license": "MIT"
    },
    "node_modules/sql.js": {
      "version": "1.14.2",
      "resolved": "https://registry.npmjs.org/sql.js/-/sql.js-1.14.2.tgz",
      "integrity": "sha512-3ZGPovObMFrdw79zrUHbfdE/DLIsy8jdNdssmMSQuRAymedU6q84asPt0kgiqrdMYlPegDItiIMfmIXzZnYFcw==",
      "license": "MIT"
    },
    "node_modules/typescript": {
      "version": "5.9.3",
      "resolved": "https://registry.npmjs.org/typescript/-/typescript-5.9.3.tgz",
      "integrity": "sha512-jl1vZzPDinLr9eUt3J/t7V6FgNEw9QjvBPdysz9KfQDD41fQrC2Y4vKQdiaUpFT4bXlb1RHhLpp8wtm6M5TgSw==",
      "dev": true,
      "license": "Apache-2.0",
      "bin": {
        "tsc": "bin/tsc",
        "tsserver": "bin/tsserver"
      },
      "engines": {
        "node": ">=14.17"
      }
    }
  }
}
